// !$*UTF8*$!
{
	archiveVersion = 1;
	classes = {
	};
	objectVersion = 77;
	objects = {

/* Begin PBXBuildFile section */
		04DA82B8444B84D206283E3F /* Pods_SnapchatClone.framework in Frameworks */ = {isa = PBXBuildFile; fileRef = 64BC3C29B185F99BC7E47FCC /* Pods_SnapchatClone.framework */; };
		3FD907DD0E0403DDB85493D0 /* Pods_SnapchatClone_SnapchatCloneUITests.framework in Frameworks */ = {isa = PBXBuildFile; fileRef = FA74BCDD5A9F5AF584E16A20 /* Pods_SnapchatClone_SnapchatCloneUITests.framework */; };
		61D72B19BBB04180AD3F744C /* Pods_SnapchatCloneTests.framework in Frameworks */ = {isa = PBXBuildFile; fileRef = 69AA9970FC045FDF99F42CF9 /* Pods_SnapchatCloneTests.framework */; };
/* End PBXBuildFile section */

/* Begin PBXContainerItemProxy section */
		B6F5430B2D77D3DB0008622A /* PBXContainerItemProxy */ = {
			isa = PBXContainerItemProxy;
			containerPortal = B6F542EC2D77D3D90008622A /* Project object */;
			proxyType = 1;
			remoteGlobalIDString = B6F542F32D77D3D90008622A;
			remoteInfo = SnapchatClone;
		};
		B6F543152D77D3DB0008622A /* PBXContainerItemProxy */ = {
			isa = PBXContainerItemProxy;
			containerPortal = B6F542EC2D77D3D90008622A /* Project object */;
			proxyType = 1;
			remoteGlobalIDString = B6F542F32D77D3D90008622A;
			remoteInfo = SnapchatClone;
		};
/* End PBXContainerItemProxy section */

/* Begin PBXFileReference section */
		64BC3C29B185F99BC7E47FCC /* Pods_SnapchatClone.framework */ = {isa = PBXFileReference; explicitFileType = wrapper.framework; includeInIndex = 0; path = Pods_SnapchatClone.framework; sourceTree = BUILT_PRODUCTS_DIR; };
		69AA9970FC045FDF99F42CF9 /* Pods_SnapchatCloneTests.framework */ = {isa = PBXFileReference; explicitFileType = wrapper.framework; includeInIndex = 0; path = Pods_SnapchatCloneTests.framework; sourceTree = BUILT_PRODUCTS_DIR; };
		70B714D6063A57FF725D09E9 /* Pods-SnapchatCloneTests.debug.xcconfig */ = {isa = PBXFileReference; includeInIndex = 1; lastKnownFileType = text.xcconfig; name = "Pods-SnapchatCloneTests.debug.xcconfig"; path = "Target Support Files/Pods-SnapchatCloneTests/Pods-SnapchatCloneTests.debug.xcconfig"; sourceTree = "<group>"; };
		8D1DFD3F0B47B5D0A328F854 /* Pods-SnapchatClone.release.xcconfig */ = {isa = PBXFileReference; includeInIndex = 1; lastKnownFileType = text.xcconfig; name = "Pods-SnapchatClone.release.xcconfig"; path = "Target Support Files/Pods-SnapchatClone/Pods-SnapchatClone.release.xcconfig"; sourceTree = "<group>"; };
		9C0C1469EF9099F123A2F000 /* Pods-SnapchatCloneTests.release.xcconfig */ = {isa = PBXFileReference; includeInIndex = 1; lastKnownFileType = text.xcconfig; name = "Pods-SnapchatCloneTests.release.xcconfig"; path = "Target Support Files/Pods-SnapchatCloneTests/Pods-SnapchatCloneTests.release.xcconfig"; sourceTree = "<group>"; };
		AB8C1D5DC9C1B95BD9EE391D /* Pods-SnapchatClone.debug.xcconfig */ = {isa = PBXFileReference; includeInIndex = 1; lastKnownFileType = text.xcconfig; name = "Pods-SnapchatClone.debug.xcconfig"; path = "Target Support Files/Pods-SnapchatClone/Pods-SnapchatClone.debug.xcconfig"; sourceTree = "<group>"; };
		B6F542F42D77D3D90008622A /* SnapchatClone.app */ = {isa = PBXFileReference; explicitFileType = wrapper.application; includeInIndex = 0; path = SnapchatClone.app; sourceTree = BUILT_PRODUCTS_DIR; };
		B6F5430A2D77D3DB0008622A /* SnapchatCloneTests.xctest */ = {isa = PBXFileReference; explicitFileType = wrapper.cfbundle; includeInIndex = 0; path = SnapchatCloneTests.xctest; sourceTree = BUILT_PRODUCTS_DIR; };
		B6F543142D77D3DB0008622A /* SnapchatCloneUITests.xctest */ = {isa = PBXFileReference; explicitFileType = wrapper.cfbundle; includeInIndex = 0; path = SnapchatCloneUITests.xctest; sourceTree = BUILT_PRODUCTS_DIR; };
		BA63CA1155A2637A5F46AD67 /* Pods-SnapchatClone-SnapchatCloneUITests.debug.xcconfig */ = {isa = PBXFileReference; includeInIndex = 1; lastKnownFileType = text.xcconfig; name = "Pods-SnapchatClone-SnapchatCloneUITests.debug.xcconfig"; path = "Target Support Files/Pods-SnapchatClone-SnapchatCloneUITests/Pods-SnapchatClone-SnapchatCloneUITests.debug.xcconfig"; sourceTree = "<group>"; };
		C991002D04ECA14B2DA425F6 /* Pods-SnapchatClone-SnapchatCloneUITests.release.xcconfig */ = {isa = PBXFileReference; includeInIndex = 1; lastKnownFileType = text.xcconfig; name = "Pods-SnapchatClone-SnapchatCloneUITests.release.xcconfig"; path = "Target Support Files/Pods-SnapchatClone-SnapchatCloneUITests/Pods-SnapchatClone-SnapchatCloneUITests.release.xcconfig"; sourceTree = "<group>"; };
		FA74BCDD5A9F5AF584E16A20 /* Pods_SnapchatClone_SnapchatCloneUITests.framework */ = {isa = PBXFileReference; explicitFileType = wrapper.framework; includeInIndex = 0; path = Pods_SnapchatClone_SnapchatCloneUITests.framework; sourceTree = BUILT_PRODUCTS_DIR; };
/* End PBXFileReference section */

/* Begin PBXFileSystemSynchronizedBuildFileExceptionSet section */
		B6F5431C2D77D3DB0008622A /* Exceptions for "SnapchatClone" folder in "SnapchatClone" target */ = {
			isa = PBXFileSystemSynchronizedBuildFileExceptionSet;
			membershipExceptions = (
				Info.plist,
			);
			target = B6F542F32D77D3D90008622A /* SnapchatClone */;
		};
/* End PBXFileSystemSynchronizedBuildFileExceptionSet section */

/* Begin PBXFileSystemSynchronizedRootGroup section */
		B6F542F62D77D3D90008622A /* SnapchatClone */ = {
			isa = PBXFileSystemSynchronizedRootGroup;
			exceptions = (
				B6F5431C2D77D3DB0008622A /* Exceptions for "SnapchatClone" folder in "SnapchatClone" target */,
			);
			path = SnapchatClone;
			sourceTree = "<group>";
		};
		B6F5430D2D77D3DB0008622A /* SnapchatCloneTests */ = {
			isa = PBXFileSystemSynchronizedRootGroup;
			path = SnapchatCloneTests;
			sourceTree = "<group>";
		};
		B6F543172D77D3DB0008622A /* SnapchatCloneUITests */ = {
			isa = PBXFileSystemSynchronizedRootGroup;
			path = SnapchatCloneUITests;
			sourceTree = "<group>";
		};
/* End PBXFileSystemSynchronizedRootGroup section */

/* Begin PBXFrameworksBuildPhase section */
		B6F542F12D77D3D90008622A /* Frameworks */ = {
			isa = PBXFrameworksBuildPhase;
			buildActionMask = 2147483647;
			files = (
				04DA82B8444B84D206283E3F /* Pods_SnapchatClone.framework in Frameworks */,
			);
			runOnlyForDeploymentPostprocessing = 0;
		};
		B6F543072D77D3DB0008622A /* Frameworks */ = {
			isa = PBXFrameworksBuildPhase;
			buildActionMask = 2147483647;
			files = (
				61D72B19BBB04180AD3F744C /* Pods_SnapchatCloneTests.framework in Frameworks */,
			);
			runOnlyForDeploymentPostprocessing = 0;
		};
		B6F543112D77D3DB0008622A /* Frameworks */ = {
			isa = PBXFrameworksBuildPhase;
			buildActionMask = 2147483647;
			files = (
				3FD907DD0E0403DDB85493D0 /* Pods_SnapchatClone_SnapchatCloneUITests.framework in Frameworks */,
			);
			runOnlyForDeploymentPostprocessing = 0;
		};
/* End PBXFrameworksBuildPhase section */

/* Begin PBXGroup section */
		B368E283B5528C23968A154B /* Pods */ = {
			isa = PBXGroup;
			children = (
				AB8C1D5DC9C1B95BD9EE391D /* Pods-SnapchatClone.debug.xcconfig */,
				8D1DFD3F0B47B5D0A328F854 /* Pods-SnapchatClone.release.xcconfig */,
				BA63CA1155A2637A5F46AD67 /* Pods-SnapchatClone-SnapchatCloneUITests.debug.xcconfig */,
				C991002D04ECA14B2DA425F6 /* Pods-SnapchatClone-SnapchatCloneUITests.release.xcconfig */,
				70B714D6063A57FF725D09E9 /* Pods-SnapchatCloneTests.debug.xcconfig */,
				9C0C1469EF9099F123A2F000 /* Pods-SnapchatCloneTests.release.xcconfig */,
			);
			path = Pods;
			sourceTree = "<group>";
		};
		B6F542EB2D77D3D90008622A = {
			isa = PBXGroup;
			children = (
				B6F542F62D77D3D90008622A /* SnapchatClone */,
				B6F5430D2D77D3DB0008622A /* SnapchatCloneTests */,
				B6F543172D77D3DB0008622A /* SnapchatCloneUITests */,
				B6F542F52D77D3D90008622A /* Products */,
				B368E283B5528C23968A154B /* Pods */,
				CD33A5D8872DFECEAC92445D /* Frameworks */,
			);
			sourceTree = "<group>";
		};
		B6F542F52D77D3D90008622A /* Products */ = {
			isa = PBXGroup;
			children = (
				B6F542F42D77D3D90008622A /* SnapchatClone.app */,
				B6F5430A2D77D3DB0008622A /* SnapchatCloneTests.xctest */,
				B6F543142D77D3DB0008622A /* SnapchatCloneUITests.xctest */,
			);
			name = Products;
			sourceTree = "<group>";
		};
		CD33A5D8872DFECEAC92445D /* Frameworks */ = {
			isa = PBXGroup;
			children = (
				64BC3C29B185F99BC7E47FCC /* Pods_SnapchatClone.framework */,
				FA74BCDD5A9F5AF584E16A20 /* Pods_SnapchatClone_SnapchatCloneUITests.framework */,
				69AA9970FC045FDF99F42CF9 /* Pods_SnapchatCloneTests.framework */,
			);
			name = Frameworks;
			sourceTree = "<group>";
		};
/* End PBXGroup section */

/* Begin PBXNativeTarget section */
		B6F542F32D77D3D90008622A /* SnapchatClone */ = {
			isa = PBXNativeTarget;
			buildConfigurationList = B6F5431D2D77D3DB0008622A /* Build configuration list for PBXNativeTarget "SnapchatClone" */;
			buildPhases = (
				1EE3FFCC5D7536E004B9330B /* [CP] Check Pods Manifest.lock */,
				B6F542F02D77D3D90008622A /* Sources */,
				B6F542F12D77D3D90008622A /* Frameworks */,
				B6F542F22D77D3D90008622A /* Resources */,
				79E32DD7D2D62C31DE7B7D9E /* [CP] Embed Pods Frameworks */,
			);
			buildRules = (
			);
			dependencies = (
			);
			fileSystemSynchronizedGroups = (
				B6F542F62D77D3D90008622A /* SnapchatClone */,
			);
			name = SnapchatClone;
			productName = SnapchatClone;
			productReference = B6F542F42D77D3D90008622A /* SnapchatClone.app */;
			productType = "com.apple.product-type.application";
		};
		B6F543092D77D3DB0008622A /* SnapchatCloneTests */ = {
			isa = PBXNativeTarget;
			buildConfigurationList = B6F543222D77D3DB0008622A /* Build configuration list for PBXNativeTarget "SnapchatCloneTests" */;
			buildPhases = (
				9BB62F2E4200617B8DA9EBDF /* [CP] Check Pods Manifest.lock */,
				B6F543062D77D3DB0008622A /* Sources */,
				B6F543072D77D3DB0008622A /* Frameworks */,
				B6F543082D77D3DB0008622A /* Resources */,
			);
			buildRules = (
			);
			dependencies = (
				B6F5430C2D77D3DB0008622A /* PBXTargetDependency */,
			);
			fileSystemSynchronizedGroups = (
				B6F5430D2D77D3DB0008622A /* SnapchatCloneTests */,
			);
			name = SnapchatCloneTests;
			productName = SnapchatCloneTests;
			productReference = B6F5430A2D77D3DB0008622A /* SnapchatCloneTests.xctest */;
			productType = "com.apple.product-type.bundle.unit-test";
		};
		B6F543132D77D3DB0008622A /* SnapchatCloneUITests */ = {
			isa = PBXNativeTarget;
			buildConfigurationList = B6F543252D77D3DB0008622A /* Build configuration list for PBXNativeTarget "SnapchatCloneUITests" */;
			buildPhases = (
				41A266F4BD1CF7C9F01DE70F /* [CP] Check Pods Manifest.lock */,
				B6F543102D77D3DB0008622A /* Sources */,
				B6F543112D77D3DB0008622A /* Frameworks */,
				B6F543122D77D3DB0008622A /* Resources */,
				736FA22ECE23880EA66C12BB /* [CP] Embed Pods Frameworks */,
			);
			buildRules = (
			);
			dependencies = (
				B6F543162D77D3DB0008622A /* PBXTargetDependency */,
			);
			fileSystemSynchronizedGroups = (
				B6F543172D77D3DB0008622A /* SnapchatCloneUITests */,
			);
			name = SnapchatCloneUITests;
			productName = SnapchatCloneUITests;
			productReference = B6F543142D77D3DB0008622A /* SnapchatCloneUITests.xctest */;
			productType = "com.apple.product-type.bundle.ui-testing";
		};
/* End PBXNativeTarget section */

/* Begin PBXProject section */
		B6F542EC2D77D3D90008622A /* Project object */ = {
			isa = PBXProject;
			attributes = {
				BuildIndependentTargetsInParallel = 1;
				LastSwiftUpdateCheck = 1620;
				LastUpgradeCheck = 1620;
				TargetAttributes = {
					B6F542F32D77D3D90008622A = {
						CreatedOnToolsVersion = 16.2;
					};
					B6F543092D77D3DB0008622A = {
						CreatedOnToolsVersion = 16.2;
						TestTargetID = B6F542F32D77D3D90008622A;
					};
					B6F543132D77D3DB0008622A = {
						CreatedOnToolsVersion = 16.2;
						TestTargetID = B6F542F32D77D3D90008622A;
					};
				};
			};
			buildConfigurationList = B6F542EF2D77D3D90008622A /* Build configuration list for PBXProject "SnapchatClone" */;
			developmentRegion = en;
			hasScannedForEncodings = 0;
			knownRegions = (
				en,
				Base,
			);
			mainGroup = B6F542EB2D77D3D90008622A;
			minimizedProjectReferenceProxies = 1;
			preferredProjectObjectVersion = 77;
			productRefGroup = B6F542F52D77D3D90008622A /* Products */;
			projectDirPath = "";
			projectRoot = "";
			targets = (
				B6F542F32D77D3D90008622A /* SnapchatClone */,
				B6F543092D77D3DB0008622A /* SnapchatCloneTests */,
				B6F543132D77D3DB0008622A /* SnapchatCloneUITests */,
			);
		};
/* End PBXProject section */

/* Begin PBXResourcesBuildPhase section */
		B6F542F22D77D3D90008622A /* Resources */ = {
			isa = PBXResourcesBuildPhase;
			buildActionMask = 2147483647;
			files = (
			);
			runOnlyForDeploymentPostprocessing = 0;
		};
		B6F543082D77D3DB0008622A /* Resources */ = {
			isa = PBXResourcesBuildPhase;
			buildActionMask = 2147483647;
			files = (
			);
			runOnlyForDeploymentPostprocessing = 0;
		};
		B6F543122D77D3DB0008622A /* Resources */ = {
			isa = PBXResourcesBuildPhase;
			buildActionMask = 2147483647;
			files = (
			);
			runOnlyForDeploymentPostprocessing = 0;
		};
/* End PBXResourcesBuildPhase section */

/* Begin PBXShellScriptBuildPhase section */
		1EE3FFCC5D7536E004B9330B /* [CP] Check Pods Manifest.lock */ = {
			isa = PBXShellScriptBuildPhase;
			buildActionMask = 2147483647;
			files = (
			);
			inputFileListPaths = (
			);
			inputPaths = (
				"${PODS_PODFILE_DIR_PATH}/Podfile.lock",
				"${PODS_ROOT}/Manifest.lock",
			);
			name = "[CP] Check Pods Manifest.lock";
			outputFileListPaths = (
			);
			outputPaths = (
				"$(DERIVED_FILE_DIR)/Pods-SnapchatClone-checkManifestLockResult.txt",
			);
			runOnlyForDeploymentPostprocessing = 0;
			shellPath = /bin/sh;
			shellScript = "diff \"${PODS_PODFILE_DIR_PATH}/Podfile.lock\" \"${PODS_ROOT}/Manifest.lock\" > /dev/null\nif [ $? != 0 ] ; then\n    # print error to STDERR\n    echo \"error: The sandbox is not in sync with the Podfile.lock. Run 'pod install' or update your CocoaPods installation.\" >&2\n    exit 1\nfi\n# This output is used by Xcode 'outputs' to avoid re-running this script phase.\necho \"SUCCESS\" > \"${SCRIPT_OUTPUT_FILE_0}\"\n";
			showEnvVarsInLog = 0;
		};
		41A266F4BD1CF7C9F01DE70F /* [CP] Check Pods Manifest.lock */ = {
			isa = PBXShellScriptBuildPhase;
			buildActionMask = 2147483647;
			files = (
			);
			inputFileListPaths = (
			);
			inputPaths = (
				"${PODS_PODFILE_DIR_PATH}/Podfile.lock",
				"${PODS_ROOT}/Manifest.lock",
			);
			name = "[CP] Check Pods Manifest.lock";
			outputFileListPaths = (
			);
			outputPaths = (
				"$(DERIVED_FILE_DIR)/Pods-SnapchatClone-SnapchatCloneUITests-checkManifestLockResult.txt",
			);
			runOnlyForDeploymentPostprocessing = 0;
			shellPath = /bin/sh;
			shellScript = "diff \"${PODS_PODFILE_DIR_PATH}/Podfile.lock\" \"${PODS_ROOT}/Manifest.lock\" > /dev/null\nif [ $? != 0 ] ; then\n    # print error to STDERR\n    echo \"error: The sandbox is not in sync with the Podfile.lock. Run 'pod install' or update your CocoaPods installation.\" >&2\n    exit 1\nfi\n# This output is used by Xcode 'outputs' to avoid re-running this script phase.\necho \"SUCCESS\" > \"${SCRIPT_OUTPUT_FILE_0}\"\n";
			showEnvVarsInLog = 0;
		};
		736FA22ECE23880EA66C12BB /* [CP] Embed Pods Frameworks */ = {
			isa = PBXShellScriptBuildPhase;
			buildActionMask = 2147483647;
			files = (
			);
			inputFileListPaths = (
				"${PODS_ROOT}/Target Support Files/Pods-SnapchatClone-SnapchatCloneUITests/Pods-SnapchatClone-SnapchatCloneUITests-frameworks-${CONFIGURATION}-input-files.xcfilelist",
			);
			name = "[CP] Embed Pods Frameworks";
			outputFileListPaths = (
				"${PODS_ROOT}/Target Support Files/Pods-SnapchatClone-SnapchatCloneUITests/Pods-SnapchatClone-SnapchatCloneUITests-frameworks-${CONFIGURATION}-output-files.xcfilelist",
			);
			runOnlyForDeploymentPostprocessing = 0;
			shellPath = /bin/sh;
			shellScript = "\"${PODS_ROOT}/Target Support Files/Pods-SnapchatClone-SnapchatCloneUITests/Pods-SnapchatClone-SnapchatCloneUITests-frameworks.sh\"\n";
			showEnvVarsInLog = 0;
		};
		79E32DD7D2D62C31DE7B7D9E /* [CP] Embed Pods Frameworks */ = {
			isa = PBXShellScriptBuildPhase;
			buildActionMask = 2147483647;
			files = (
			);
			inputFileListPaths = (
				"${PODS_ROOT}/Target Support Files/Pods-SnapchatClone/Pods-SnapchatClone-frameworks-${CONFIGURATION}-input-files.xcfilelist",
			);
			name = "[CP] Embed Pods Frameworks";
			outputFileListPaths = (
				"${PODS_ROOT}/Target Support Files/Pods-SnapchatClone/Pods-SnapchatClone-frameworks-${CONFIGURATION}-output-files.xcfilelist",
			);
			runOnlyForDeploymentPostprocessing = 0;
			shellPath = /bin/sh;
			shellScript = "\"${PODS_ROOT}/Target Support Files/Pods-SnapchatClone/Pods-SnapchatClone-frameworks.sh\"\n";
			showEnvVarsInLog = 0;
		};
		9BB62F2E4200617B8DA9EBDF /* [CP] Check Pods Manifest.lock */ = {
			isa = PBXShellScriptBuildPhase;
			buildActionMask = 2147483647;
			files = (
			);
			inputFileListPaths = (
			);
			inputPaths = (
				"${PODS_PODFILE_DIR_PATH}/Podfile.lock",
				"${PODS_ROOT}/Manifest.lock",
			);
			name = "[CP] Check Pods Manifest.lock";
			outputFileListPaths = (
			);
			outputPaths = (
				"$(DERIVED_FILE_DIR)/Pods-SnapchatCloneTests-checkManifestLockResult.txt",
			);
			runOnlyForDeploymentPostprocessing = 0;
			shellPath = /bin/sh;
			shellScript = "diff \"${PODS_PODFILE_DIR_PATH}/Podfile.lock\" \"${PODS_ROOT}/Manifest.lock\" > /dev/null\nif [ $? != 0 ] ; then\n    # print error to STDERR\n    echo \"error: The sandbox is not in sync with the Podfile.lock. Run 'pod install' or update your CocoaPods installation.\" >&2\n    exit 1\nfi\n# This output is used by Xcode 'outputs' to avoid re-running this script phase.\necho \"SUCCESS\" > \"${SCRIPT_OUTPUT_FILE_0}\"\n";
			showEnvVarsInLog = 0;
		};
/* End PBXShellScriptBuildPhase section */

/* Begin PBXSourcesBuildPhase section */
		B6F542F02D77D3D90008622A /* Sources */ = {
			isa = PBXSourcesBuildPhase;
			buildActionMask = 2147483647;
			files = (
			);
			runOnlyForDeploymentPostprocessing = 0;
		};
		B6F543062D77D3DB0008622A /* Sources */ = {
			isa = PBXSourcesBuildPhase;
			buildActionMask = 2147483647;
			files = (
			);
			runOnlyForDeploymentPostprocessing = 0;
		};
		B6F543102D77D3DB0008622A /* Sources */ = {
			isa = PBXSourcesBuildPhase;
			buildActionMask = 2147483647;
			files = (
			);
			runOnlyForDeploymentPostprocessing = 0;
		};
/* End PBXSourcesBuildPhase section */

/* Begin PBXTargetDependency section */
		B6F5430C2D77D3DB0008622A /* PBXTargetDependency */ = {
			isa = PBXTargetDependency;
			target = B6F542F32D77D3D90008622A /* SnapchatClone */;
			targetProxy = B6F5430B2D77D3DB0008622A /* PBXContainerItemProxy */;
		};
		B6F543162D77D3DB0008622A /* PBXTargetDependency */ = {
			isa = PBXTargetDependency;
			target = B6F542F32D77D3D90008622A /* SnapchatClone */;
			targetProxy = B6F543152D77D3DB0008622A /* PBXContainerItemProxy */;
		};
/* End PBXTargetDependency section */

/* Begin XCBuildConfiguration section */
		B6F5431E2D77D3DB0008622A /* Debug */ = {
			isa = XCBuildConfiguration;
			baseConfigurationReference = AB8C1D5DC9C1B95BD9EE391D /* Pods-SnapchatClone.debug.xcconfig */;
			buildSettings = {
				ASSETCATALOG_COMPILER_APPICON_NAME = AppIcon;
				ASSETCATALOG_COMPILER_GLOBAL_ACCENT_COLOR_NAME = AccentColor;
				CODE_SIGN_STYLE = Automatic;
				CURRENT_PROJECT_VERSION = 1;
				DEVELOPMENT_TEAM = H84WUS4V8F;
				ENABLE_USER_SCRIPT_SANDBOXING = NO;
				GENERATE_INFOPLIST_FILE = YES;
				INFOPLIST_FILE = SnapchatClone/Info.plist;
				INFOPLIST_KEY_UIApplicationSupportsIndirectInputEvents = YES;
				INFOPLIST_KEY_UILaunchStoryboardName = LaunchScreen;
				INFOPLIST_KEY_UIMainStoryboardFile = Main;
				INFOPLIST_KEY_UISupportedInterfaceOrientations_iPad = "UIInterfaceOrientationPortrait UIInterfaceOrientationPortraitUpsideDown UIInterfaceOrientationLandscapeLeft UIInterfaceOrientationLandscapeRight";
				INFOPLIST_KEY_UISupportedInterfaceOrientations_iPhone = "UIInterfaceOrientationPortrait UIInterfaceOrientationLandscapeLeft UIInterfaceOrientationLandscapeRight";
				LD_RUNPATH_SEARCH_PATHS = (
					"$(inherited)",
					"@executable_path/Frameworks",
				);
				MARKETING_VERSION = 1.0;
				PRODUCT_BUNDLE_IDENTIFIER = com.yaseminsalan.SnapchatClone;
				PRODUCT_NAME = "$(TARGET_NAME)";
				SWIFT_EMIT_LOC_STRINGS = YES;
				SWIFT_VERSION = 5.0;
				TARGETED_DEVICE_FAMILY = "1,2";
			};
			name = Debug;
		};
		B6F5431F2D77D3DB0008622A /* Release */ = {
			isa = XCBuildConfiguration;
			baseConfigurationReference = 8D1DFD3F0B47B5D0A328F854 /* Pods-SnapchatClone.release.xcconfig */;
			buildSettings = {
				ASSETCATALOG_COMPILER_APPICON_NAME = AppIcon;
				ASSETCATALOG_COMPILER_GLOBAL_ACCENT_COLOR_NAME = AccentColor;
				CODE_SIGN_STYLE = Automatic;
				CURRENT_PROJECT_VERSION = 1;
				DEVELOPMENT_TEAM = H84WUS4V8F;
				ENABLE_USER_SCRIPT_SANDBOXING = NO;
				GENERATE_INFOPLIST_FILE = YES;
				INFOPLIST_FILE = SnapchatClone/Info.plist;
				INFOPLIST_KEY_UIApplicationSupportsIndirectInputEvents = YES;
				INFOPLIST_KEY_UILaunchStoryboardName = LaunchScreen;
				INFOPLIST_KEY_UIMainStoryboardFile = Main;
				INFOPLIST_KEY_UISupportedInterfaceOrientations_iPad = "UIInterfaceOrientationPortrait UIInterfaceOrientationPortraitUpsideDown UIInterfaceOrientationLandscapeLeft UIInterfaceOrientationLandscapeRight";
				INFOPLIST_KEY_UISupportedInterfaceOrientations_iPhone = "UIInterfaceOrientationPortrait UIInterfaceOrientationLandscapeLeft UIInterfaceOrientationLandscapeRight";
				LD_RUNPATH_SEARCH_PATHS = (
					"$(inherited)",
					"@executable_path/Frameworks",
				);
				MARKETING_VERSION = 1.0;
				PRODUCT_BUNDLE_IDENTIFIER = com.yaseminsalan.SnapchatClone;
				PRODUCT_NAME = "$(TARGET_NAME)";
				SWIFT_EMIT_LOC_STRINGS = YES;
				SWIFT_VERSION = 5.0;
				TARGETED_DEVICE_FAMILY = "1,2";
			};
			name = Release;
		};
		B6F543202D77D3DB0008622A /* Debug */ = {
			isa = XCBuildConfiguration;
			buildSettings = {
				ALWAYS_SEARCH_USER_PATHS = NO;
				ASSETCATALOG_COMPILER_GENERATE_SWIFT_ASSET_SYMBOL_EXTENSIONS = YES;
				CLANG_ANALYZER_NONNULL = YES;
				CLANG_ANALYZER_NUMBER_OBJECT_CONVERSION = YES_AGGRESSIVE;
				CLANG_CXX_LANGUAGE_STANDARD = "gnu++20";
				CLANG_ENABLE_MODULES = YES;
				CLANG_ENABLE_OBJC_ARC = YES;
				CLANG_ENABLE_OBJC_WEAK = YES;
				CLANG_WARN_BLOCK_CAPTURE_AUTORELEASING = YES;
				CLANG_WARN_BOOL_CONVERSION = YES;
				CLANG_WARN_COMMA = YES;
				CLANG_WARN_CONSTANT_CONVERSION = YES;
				CLANG_WARN_DEPRECATED_OBJC_IMPLEMENTATIONS = YES;
				CLANG_WARN_DIRECT_OBJC_ISA_USAGE = YES_ERROR;
				CLANG_WARN_DOCUMENTATION_COMMENTS = YES;
				CLANG_WARN_EMPTY_BODY = YES;
				CLANG_WARN_ENUM_CONVERSION = YES;
				CLANG_WARN_INFINITE_RECURSION = YES;
				CLANG_WARN_INT_CONVERSION = YES;
				CLANG_WARN_NON_LITERAL_NULL_CONVERSION = YES;
				CLANG_WARN_OBJC_IMPLICIT_RETAIN_SELF = YES;
				CLANG_WARN_OBJC_LITERAL_CONVERSION = YES;
				CLANG_WARN_OBJC_ROOT_CLASS = YES_ERROR;
				CLANG_WARN_QUOTED_INCLUDE_IN_FRAMEWORK_HEADER = YES;
				CLANG_WARN_RANGE_LOOP_ANALYSIS = YES;
				CLANG_WARN_STRICT_PROTOTYPES = YES;
				CLANG_WARN_SUSPICIOUS_MOVE = YES;
				CLANG_WARN_UNGUARDED_AVAILABILITY = YES_AGGRESSIVE;
				CLANG_WARN_UNREACHABLE_CODE = YES;
				CLANG_WARN__DUPLICATE_METHOD_MATCH = YES;
				COPY_PHASE_STRIP = NO;
				DEBUG_INFORMATION_FORMAT = dwarf;
				ENABLE_STRICT_OBJC_MSGSEND = YES;
				ENABLE_TESTABILITY = YES;
				ENABLE_USER_SCRIPT_SANDBOXING = YES;
				GCC_C_LANGUAGE_STANDARD = gnu17;
				GCC_DYNAMIC_NO_PIC = NO;
				GCC_NO_COMMON_BLOCKS = YES;
				GCC_OPTIMIZATION_LEVEL = 0;
				GCC_PREPROCESSOR_DEFINITIONS = (
					"DEBUG=1",
					"$(inherited)",
				);
				GCC_WARN_64_TO_32_BIT_CONVERSION = YES;
				GCC_WARN_ABOUT_RETURN_TYPE = YES_ERROR;
				GCC_WARN_UNDECLARED_SELECTOR = YES;
				GCC_WARN_UNINITIALIZED_AUTOS = YES_AGGRESSIVE;
				GCC_WARN_UNUSED_FUNCTION = YES;
				GCC_WARN_UNUSED_VARIABLE = YES;
				IPHONEOS_DEPLOYMENT_TARGET = 18.2;
				LOCALIZATION_PREFERS_STRING_CATALOGS = YES;
				MTL_ENABLE_DEBUG_INFO = INCLUDE_SOURCE;
				MTL_FAST_MATH = YES;
				ONLY_ACTIVE_ARCH = YES;
				SDKROOT = iphoneos;
				SWIFT_ACTIVE_COMPILATION_CONDITIONS = "DEBUG $(inherited)";
				SWIFT_OPTIMIZATION_LEVEL = "-Onone";
			};
			name = Debug;
		};
		B6F543212D77D3DB0008622A /* Release */ = {
			isa = XCBuildConfiguration;
			buildSettings = {
				ALWAYS_SEARCH_USER_PATHS = NO;
				ASSETCATALOG_COMPILER_GENERATE_SWIFT_ASSET_SYMBOL_EXTENSIONS = YES;
				CLANG_ANALYZER_NONNULL = YES;
				CLANG_ANALYZER_NUMBER_OBJECT_CONVERSION = YES_AGGRESSIVE;
				CLANG_CXX_LANGUAGE_STANDARD = "gnu++20";
				CLANG_ENABLE_MODULES = YES;
				CLANG_ENABLE_OBJC_ARC = YES;
				CLANG_ENABLE_OBJC_WEAK = YES;
				CLANG_WARN_BLOCK_CAPTURE_AUTORELEASING = YES;
				CLANG_WARN_BOOL_CONVERSION = YES;
				CLANG_WARN_COMMA = YES;
				CLANG_WARN_CONSTANT_CONVERSION = YES;
				CLANG_WARN_DEPRECATED_OBJC_IMPLEMENTATIONS = YES;
				CLANG_WARN_DIRECT_OBJC_ISA_USAGE = YES_ERROR;
				CLANG_WARN_DOCUMENTATION_COMMENTS = YES;
				CLANG_WARN_EMPTY_BODY = YES;
				CLANG_WARN_ENUM_CONVERSION = YES;
				CLANG_WARN_INFINITE_RECURSION = YES;
				CLANG_WARN_INT_CONVERSION = YES;
				CLANG_WARN_NON_LITERAL_NULL_CONVERSION = YES;
				CLANG_WARN_OBJC_IMPLICIT_RETAIN_SELF = YES;
				CLANG_WARN_OBJC_LITERAL_CONVERSION = YES;
				CLANG_WARN_OBJC_ROOT_CLASS = YES_ERROR;
				CLANG_WARN_QUOTED_INCLUDE_IN_FRAMEWORK_HEADER = YES;
				CLANG_WARN_RANGE_LOOP_ANALYSIS = YES;
				CLANG_WARN_STRICT_PROTOTYPES = YES;
				CLANG_WARN_SUSPICIOUS_MOVE = YES;
				CLANG_WARN_UNGUARDED_AVAILABILITY = YES_AGGRESSIVE;
				CLANG_WARN_UNREACHABLE_CODE = YES;
				CLANG_WARN__DUPLICATE_METHOD_MATCH = YES;
				COPY_PHASE_STRIP = NO;
				DEBUG_INFORMATION_FORMAT = "dwarf-with-dsym";
				ENABLE_NS_ASSERTIONS = NO;
				ENABLE_STRICT_OBJC_MSGSEND = YES;
				ENABLE_USER_SCRIPT_SANDBOXING = YES;
				GCC_C_LANGUAGE_STANDARD = gnu17;
				GCC_NO_COMMON_BLOCKS = YES;
				GCC_WARN_64_TO_32_BIT_CONVERSION = YES;
				GCC_WARN_ABOUT_RETURN_TYPE = YES_ERROR;
				GCC_WARN_UNDECLARED_SELECTOR = YES;
				GCC_WARN_UNINITIALIZED_AUTOS = YES_AGGRESSIVE;
				GCC_WARN_UNUSED_FUNCTION = YES;
				GCC_WARN_UNUSED_VARIABLE = YES;
				IPHONEOS_DEPLOYMENT_TARGET = 18.2;
				LOCALIZATION_PREFERS_STRING_CATALOGS = YES;
				MTL_ENABLE_DEBUG_INFO = NO;
				MTL_FAST_MATH = YES;
				SDKROOT = iphoneos;
				SWIFT_COMPILATION_MODE = wholemodule;
				VALIDATE_PRODUCT = YES;
			};
			name = Release;
		};
		B6F543232D77D3DB0008622A /* Debug */ = {
			isa = XCBuildConfiguration;
			baseConfigurationReference = 70B714D6063A57FF725D09E9 /* Pods-SnapchatCloneTests.debug.xcconfig */;
			buildSettings = {
				BUNDLE_LOADER = "$(TEST_HOST)";
				CODE_SIGN_STYLE = Automatic;
				CURRENT_PROJECT_VERSION = 1;
				DEVELOPMENT_TEAM = H84WUS4V8F;
				GENERATE_INFOPLIST_FILE = YES;
				IPHONEOS_DEPLOYMENT_TARGET = 18.2;
				MARKETING_VERSION = 1.0;
				PRODUCT_BUNDLE_IDENTIFIER = com.yaseminsalan.SnapchatCloneTests;
				PRODUCT_NAME = "$(TARGET_NAME)";
				SWIFT_EMIT_LOC_STRINGS = NO;
				SWIFT_VERSION = 5.0;
				TARGETED_DEVICE_FAMILY = "1,2";
				TEST_HOST = "$(BUILT_PRODUCTS_DIR)/SnapchatClone.app/$(BUNDLE_EXECUTABLE_FOLDER_PATH)/SnapchatClone";
			};
			name = Debug;
		};
		B6F543242D77D3DB0008622A /* Release */ = {
			isa = XCBuildConfiguration;
			baseConfigurationReference = 9C0C1469EF9099F123A2F000 /* Pods-SnapchatCloneTests.release.xcconfig */;
			buildSettings = {
				BUNDLE_LOADER = "$(TEST_HOST)";
				CODE_SIGN_STYLE = Automatic;
				CURRENT_PROJECT_VERSION = 1;
				DEVELOPMENT_TEAM = H84WUS4V8F;
				GENERATE_INFOPLIST_FILE = YES;
				IPHONEOS_DEPLOYMENT_TARGET = 18.2;
				MARKETING_VERSION = 1.0;
				PRODUCT_BUNDLE_IDENTIFIER = com.yaseminsalan.SnapchatCloneTests;
				PRODUCT_NAME = "$(TARGET_NAME)";
				SWIFT_EMIT_LOC_STRINGS = NO;
				SWIFT_VERSION = 5.0;
				TARGETED_DEVICE_FAMILY = "1,2";
				TEST_HOST = "$(BUILT_PRODUCTS_DIR)/SnapchatClone.app/$(BUNDLE_EXECUTABLE_FOLDER_PATH)/SnapchatClone";
			};
			name = Release;
		};
		B6F543262D77D3DB0008622A /* Debug */ = {
			isa = XCBuildConfiguration;
			baseConfigurationReference = BA63CA1155A2637A5F46AD67 /* Pods-SnapchatClone-SnapchatCloneUITests.debug.xcconfig */;
			buildSettings = {
				CODE_SIGN_STYLE = Automatic;
				CURRENT_PROJECT_VERSION = 1;
				DEVELOPMENT_TEAM = H84WUS4V8F;
				GENERATE_INFOPLIST_FILE = YES;
				MARKETING_VERSION = 1.0;
				PRODUCT_BUNDLE_IDENTIFIER = com.yaseminsalan.SnapchatCloneUITests;
				PRODUCT_NAME = "$(TARGET_NAME)";
				SWIFT_EMIT_LOC_STRINGS = NO;
				SWIFT_VERSION = 5.0;
				TARGETED_DEVICE_FAMILY = "1,2";
				TEST_TARGET_NAME = SnapchatClone;
			};
			name = Debug;
		};
		B6F543272D77D3DB0008622A /* Release */ = {
			isa = XCBuildConfiguration;
			baseConfigurationReference = C991002D04ECA14B2DA425F6 /* Pods-SnapchatClone-SnapchatCloneUITests.release.xcconfig */;
			buildSettings = {
				CODE_SIGN_STYLE = Automatic;
				CURRENT_PROJECT_VERSION = 1;
				DEVELOPMENT_TEAM = H84WUS4V8F;
				GENERATE_INFOPLIST_FILE = YES;
				MARKETING_VERSION = 1.0;
				PRODUCT_BUNDLE_IDENTIFIER = com.yaseminsalan.SnapchatCloneUITests;
				PRODUCT_NAME = "$(TARGET_NAME)";
				SWIFT_EMIT_LOC_STRINGS = NO;
				SWIFT_VERSION = 5.0;
				TARGETED_DEVICE_FAMILY = "1,2";
				TEST_TARGET_NAME = SnapchatClone;
			};
			name = Release;
		};
/* End XCBuildConfiguration section */

/* Begin XCConfigurationList section */
		B6F542EF2D77D3D90008622A /* Build configuration list for PBXProject "SnapchatClone" */ = {
			isa = XCConfigurationList;
			buildConfigurations = (
				B6F543202D77D3DB0008622A /* Debug */,
				B6F543212D77D3DB0008622A /* Release */,
			);
			defaultConfigurationIsVisible = 0;
			defaultConfigurationName = Release;
		};
		B6F5431D2D77D3DB0008622A /* Build configuration list for PBXNativeTarget "SnapchatClone" */ = {
			isa = XCConfigurationList;
			buildConfigurations = (
				B6F5431E2D77D3DB0008622A /* Debug */,
				B6F5431F2D77D3DB0008622A /* Release */,
			);
			defaultConfigurationIsVisible = 0;
			defaultConfigurationName = Release;
		};
		B6F543222D77D3DB0008622A /* Build configuration list for PBXNativeTarget "SnapchatCloneTests" */ = {
			isa = XCConfigurationList;
			buildConfigurations = (
				B6F543232D77D3DB0008622A /* Debug */,
				B6F543242D77D3DB0008622A /* Release */,
			);
			defaultConfigurationIsVisible = 0;
			defaultConfigurationName = Release;
		};
		B6F543252D77D3DB0008622A /* Build configuration list for PBXNativeTarget "SnapchatCloneUITests" */ = {
			isa = XCConfigurationList;
			buildConfigurations = (
				B6F543262D77D3DB0008622A /* Debug */,
				B6F543272D77D3DB0008622A /* Release */,
			);
			defaultConfigurationIsVisible = 0;
			defaultConfigurationName = Release;
		};
/* End XCConfigurationList section */
	};
	rootObject = B6F542EC2D77D3D90008622A /* Project object */;
}
